
Microsoft Visual Studio Solution File, Format Version 12.00
# Visual Studio Version 16
VisualStudioVersion = 16.0.29519.181
MinimumVisualStudioVersion = 10.0.40219.1
Project("{FAE04EC0-301F-11D3-BF4B-00C04F79EFBC}") = "ImageSelector", "ImageSelector.csproj", "{FE31C38F-7F40-4B8D-9F2D-C87777B19753}"
EndProject
Global
	GlobalSection(SolutionConfigurationPlatforms) = preSolution
		Debug|Any CPU = Debug|Any CPU
		Release|Any CPU = Release|Any CPU
	EndGlobalSection
	GlobalSection(ProjectConfigurationPlatforms) = postSolution
		{FE31C38F-7F40-4B8D-9F2D-C87777B19753}.Debug|Any CPU.ActiveCfg = Debug|Any CPU
		{FE31C38F-7F40-4B8D-9F2D-C87777B19753}.Debug|Any CPU.Build.0 = Debug|Any CPU
		{FE31C38F-7F40-4B8D-9F2D-C87777B19753}.Release|Any CPU.ActiveCfg = Release|Any CPU
		{FE31C38F-7F40-4B8D-9F2D-C87777B19753}.Release|Any CPU.Build.0 = Release|Any CPU
	EndGlobalSection
	GlobalSection(SolutionProperties) = preSolution
		HideSolutionNode = FALSE
	EndGlobalSection
	GlobalSection(ExtensibilityGlobals) = postSolution
		SolutionGuid = {009E4244-A0C5-4035-A66B-1598D69B6C78}
	EndGlobalSection
EndGlobal
